// !$*UTF8*$!
{
	archiveVersion = 1;
	classes = {
	};
	objectVersion = 50;
	objects = {

/* Begin PBXBuildFile section */
		095E7F8625666E89000039AD /* weapp-demo.zip in Resources */ = {isa = PBXBuildFile; fileRef = 095E7F8525666E89000039AD /* weapp-demo.zip */; };
		095E7F89256670FC000039AD /* WAJSEventHandler_getClipboardData.m in Sources */ = {isa = PBXBuildFile; fileRef = 095E7F88256670FC000039AD /* WAJSEventHandler_getClipboardData.m */; };
		095E7F8C2566710E000039AD /* WAJSEventHandler_getNetworkType.m in Sources */ = {isa = PBXBuildFile; fileRef = 095E7F8B2566710E000039AD /* WAJSEventHandler_getNetworkType.m */; };
		095E7F9025667DE0000039AD /* miniprogram.zip in Resources */ = {isa = PBXBuildFile; fileRef = 095E7F8F25667DE0000039AD /* miniprogram.zip */; };
		098B3B75257E18F300975904 /* WAAppLaunchController.m in Sources */ = {isa = PBXBuildFile; fileRef = 098B3B74257E18F300975904 /* WAAppLaunchController.m */; };
		098E06222578851A00182195 /* WATabbarController.m in Sources */ = {isa = PBXBuildFile; fileRef = 098E06212578851A00182195 /* WATabbarController.m */; };
		098E06272578856500182195 /* WeAppCustomTabbar.m in Sources */ = {isa = PBXBuildFile; fileRef = 098E06262578856500182195 /* WeAppCustomTabbar.m */; };
		098E062C25788DC100182195 /* WeAppCustomTabbarItem.m in Sources */ = {isa = PBXBuildFile; fileRef = 098E062B25788DC100182195 /* WeAppCustomTabbarItem.m */; };
		098E06322578D1D400182195 /* WANavigationController.m in Sources */ = {isa = PBXBuildFile; fileRef = 098E06302578D1D400182195 /* WANavigationController.m */; };
		09C2E6402564D4BB003EA2D6 /* WAMsgHandler.m in Sources */ = {isa = PBXBuildFile; fileRef = 09C2E63F2564D4BB003EA2D6 /* WAMsgHandler.m */; };
		09C2E643256500B8003EA2D6 /* PSWebSocketDriver+FixSecWebsocketProtocol.m in Sources */ = {isa = PBXBuildFile; fileRef = 09C2E642256500B8003EA2D6 /* PSWebSocketDriver+FixSecWebsocketProtocol.m */; };
		09C2E64F25650853003EA2D6 /* WAJSCoreService.m in Sources */ = {isa = PBXBuildFile; fileRef = 09C2E64D25650853003EA2D6 /* WAJSCoreService.m */; };
		09C2E65225651A69003EA2D6 /* WAWebSocketMgr.m in Sources */ = {isa = PBXBuildFile; fileRef = 09C2E65125651A69003EA2D6 /* WAWebSocketMgr.m */; };
		09C2E65625652C86003EA2D6 /* WAJSEventHandler_BaseEvent.m in Sources */ = {isa = PBXBuildFile; fileRef = 09C2E65525652C86003EA2D6 /* WAJSEventHandler_BaseEvent.m */; };
		09C2E65A25661F5C003EA2D6 /* WAAppURLProtocol.m in Sources */ = {isa = PBXBuildFile; fileRef = 09C2E65825661F5C003EA2D6 /* WAAppURLProtocol.m */; };
		09C2E65D25666100003EA2D6 /* WAJSEventHandler_getSystemInfo.m in Sources */ = {isa = PBXBuildFile; fileRef = 09C2E65C25666100003EA2D6 /* WAJSEventHandler_getSystemInfo.m */; };
		09C5020A256F4ED4001C992A /* WAWebViewPageMgr.m in Sources */ = {isa = PBXBuildFile; fileRef = 09C50209256F4ED4001C992A /* WAWebViewPageMgr.m */; };
		09C5020D256F8BCD001C992A /* WAWebViewPageData.m in Sources */ = {isa = PBXBuildFile; fileRef = 09C5020B256F8BCD001C992A /* WAWebViewPageData.m */; };
		09C50210256F8E8A001C992A /* WAGlobalConfig.m in Sources */ = {isa = PBXBuildFile; fileRef = 09C5020F256F8E8A001C992A /* WAGlobalConfig.m */; };
		09C50213256F900E001C992A /* WAPageStyle.m in Sources */ = {isa = PBXBuildFile; fileRef = 09C50212256F900E001C992A /* WAPageStyle.m */; };
		09C50216256F901C001C992A /* WATabbarStyle.m in Sources */ = {isa = PBXBuildFile; fileRef = 09C50215256F901C001C992A /* WATabbarStyle.m */; };
		09C5021D256F9570001C992A /* WAWebViewController.m in Sources */ = {isa = PBXBuildFile; fileRef = 09C50218256F956F001C992A /* WAWebViewController.m */; };
		09C5021E256F9570001C992A /* WABaseViewController.m in Sources */ = {isa = PBXBuildFile; fileRef = 09C5021C256F9570001C992A /* WABaseViewController.m */; };
		09C50222256F9D05001C992A /* WAPageDataGenerator.m in Sources */ = {isa = PBXBuildFile; fileRef = 09C50221256F9D05001C992A /* WAPageDataGenerator.m */; };
		09C502262570928D001C992A /* WAMsgGenerator.m in Sources */ = {isa = PBXBuildFile; fileRef = 09C502252570928D001C992A /* WAMsgGenerator.m */; };
		09C502322570AC14001C992A /* WAAppBundleUtility.m in Sources */ = {isa = PBXBuildFile; fileRef = 09C502312570AC14001C992A /* WAAppBundleUtility.m */; };
		09C502362570B0D5001C992A /* WACapsuleView.m in Sources */ = {isa = PBXBuildFile; fileRef = 09C502352570B0D5001C992A /* WACapsuleView.m */; };
		09C5023A2570B779001C992A /* WAWebViewMutiFuncMenuView.m in Sources */ = {isa = PBXBuildFile; fileRef = 09C502392570B779001C992A /* WAWebViewMutiFuncMenuView.m */; };
		09C5023F25710928001C992A /* WAJSEventHandler_navigateTo.m in Sources */ = {isa = PBXBuildFile; fileRef = 09C5023E25710928001C992A /* WAJSEventHandler_navigateTo.m */; };
		09DB4C842562175B0037A656 /* AppDelegate.m in Sources */ = {isa = PBXBuildFile; fileRef = 09DB4C832562175B0037A656 /* AppDelegate.m */; };
		09DB4C872562175B0037A656 /* SceneDelegate.m in Sources */ = {isa = PBXBuildFile; fileRef = 09DB4C862562175B0037A656 /* SceneDelegate.m */; };
		09DB4C8A2562175B0037A656 /* ViewController.m in Sources */ = {isa = PBXBuildFile; fileRef = 09DB4C892562175B0037A656 /* ViewController.m */; };
		09DB4C8D2562175B0037A656 /* Main.storyboard in Resources */ = {isa = PBXBuildFile; fileRef = 09DB4C8B2562175B0037A656 /* Main.storyboard */; };
		09DB4C8F2562175C0037A656 /* Assets.xcassets in Resources */ = {isa = PBXBuildFile; fileRef = 09DB4C8E2562175C0037A656 /* Assets.xcassets */; };
		09DB4C922562175C0037A656 /* LaunchScreen.storyboard in Resources */ = {isa = PBXBuildFile; fileRef = 09DB4C902562175C0037A656 /* LaunchScreen.storyboard */; };
		09DB4C952562175C0037A656 /* main.m in Sources */ = {isa = PBXBuildFile; fileRef = 09DB4C942562175C0037A656 /* main.m */; };
		09DB4CEC256284900037A656 /* WAError.m in Sources */ = {isa = PBXBuildFile; fileRef = 09DB4CDB2562848F0037A656 /* WAError.m */; };
		09DB4CED256284900037A656 /* WAAppTaskHandlerWrapper.m in Sources */ = {isa = PBXBuildFile; fileRef = 09DB4CDD2562848F0037A656 /* WAAppTaskHandlerWrapper.m */; };
		09DB4CEE256284900037A656 /* WAAppPreloader.m in Sources */ = {isa = PBXBuildFile; fileRef = 09DB4CDF2562848F0037A656 /* WAAppPreloader.m */; };
		09DB4CEF256284900037A656 /* WAAppTaskExtInfo.m in Sources */ = {isa = PBXBuildFile; fileRef = 09DB4CE02562848F0037A656 /* WAAppTaskExtInfo.m */; };
		09DB4CF0256284900037A656 /* WAAppOpenParameter.m in Sources */ = {isa = PBXBuildFile; fileRef = 09DB4CE22562848F0037A656 /* WAAppOpenParameter.m */; };
		09DB4CF1256284900037A656 /* MMService.m in Sources */ = {isa = PBXBuildFile; fileRef = 09DB4CE62562848F0037A656 /* MMService.m */; };
		09DB4CF2256284900037A656 /* WAFileMgr.m in Sources */ = {isa = PBXBuildFile; fileRef = 09DB4CE9256284900037A656 /* WAFileMgr.m */; };
		09DB4CF3256284900037A656 /* WeApp.bundle in Resources */ = {isa = PBXBuildFile; fileRef = 09DB4CEA256284900037A656 /* WeApp.bundle */; };
		09DB501D256386E00037A656 /* NSURLProtocol+WebKitSupport.m in Sources */ = {isa = PBXBuildFile; fileRef = 09DB501A256386E00037A656 /* NSURLProtocol+WebKitSupport.m */; };
		09DB501E256386E00037A656 /* WAUtility.m in Sources */ = {isa = PBXBuildFile; fileRef = 09DB501C256386E00037A656 /* WAUtility.m */; };
		09DB5022256386FB0037A656 /* WAAppTaskMgr.m in Sources */ = {isa = PBXBuildFile; fileRef = 09DB5020256386FB0037A656 /* WAAppTaskMgr.m */; };
		09DB502C256389550037A656 /* WAAppTask.m in Sources */ = {isa = PBXBuildFile; fileRef = 09DB502B256389550037A656 /* WAAppTask.m */; };
		09DB502F2563AC870037A656 /* WAConfigMgr.m in Sources */ = {isa = PBXBuildFile; fileRef = 09DB502E2563AC870037A656 /* WAConfigMgr.m */; };
		09DB50322563ACB50037A656 /* MMContext.m in Sources */ = {isa = PBXBuildFile; fileRef = 09DB50312563ACB50037A656 /* MMContext.m */; };
		09DB50402564C5C30037A656 /* WASocketServer.m in Sources */ = {isa = PBXBuildFile; fileRef = 09DB503F2564C5C30037A656 /* WASocketServer.m */; };
		09DB50432564C6030037A656 /* WASocketClient.m in Sources */ = {isa = PBXBuildFile; fileRef = 09DB50422564C6030037A656 /* WASocketClient.m */; };
		F4B7F67AA9B15DCFCAA6D647 /* libPods-WeAppExample.a in Frameworks */ = {isa = PBXBuildFile; fileRef = 9A14561E31578BA3D7FD690A /* libPods-WeAppExample.a */; };
/* End PBXBuildFile section */

/* Begin PBXFileReference section */
		095E7F8525666E89000039AD /* weapp-demo.zip */ = {isa = PBXFileReference; lastKnownFileType = archive.zip; path = "weapp-demo.zip"; sourceTree = "<group>"; };
		095E7F87256670FC000039AD /* WAJSEventHandler_getClipboardData.h */ = {isa = PBXFileReference; lastKnownFileType = sourcecode.c.h; path = WAJSEventHandler_getClipboardData.h; sourceTree = "<group>"; };
		095E7F88256670FC000039AD /* WAJSEventHandler_getClipboardData.m */ = {isa = PBXFileReference; lastKnownFileType = sourcecode.c.objc; path = WAJSEventHandler_getClipboardData.m; sourceTree = "<group>"; };
		095E7F8A2566710E000039AD /* WAJSEventHandler_getNetworkType.h */ = {isa = PBXFileReference; lastKnownFileType = sourcecode.c.h; path = WAJSEventHandler_getNetworkType.h; sourceTree = "<group>"; };
		095E7F8B2566710E000039AD /* WAJSEventHandler_getNetworkType.m */ = {isa = PBXFileReference; lastKnownFileType = sourcecode.c.objc; path = WAJSEventHandler_getNetworkType.m; sourceTree = "<group>"; };
		095E7F8F25667DE0000039AD /* miniprogram.zip */ = {isa = PBXFileReference; lastKnownFileType = archive.zip; path = miniprogram.zip; sourceTree = "<group>"; };
		098B3B72257DD4C400975904 /* WATabbarControllerDelegate-Protocol.h */ = {isa = PBXFileReference; lastKnownFileType = sourcecode.c.h; path = "WATabbarControllerDelegate-Protocol.h"; sourceTree = "<group>"; };
		098B3B73257E18F300975904 /* WAAppLaunchController.h */ = {isa = PBXFileReference; lastKnownFileType = sourcecode.c.h; path = WAAppLaunchController.h; sourceTree = "<group>"; };
		098B3B74257E18F300975904 /* WAAppLaunchController.m */ = {isa = PBXFileReference; lastKnownFileType = sourcecode.c.objc; path = WAAppLaunchController.m; sourceTree = "<group>"; };
		098E06202578851A00182195 /* WATabbarController.h */ = {isa = PBXFileReference; lastKnownFileType = sourcecode.c.h; path = WATabbarController.h; sourceTree = "<group>"; };
		098E06212578851A00182195 /* WATabbarController.m */ = {isa = PBXFileReference; lastKnownFileType = sourcecode.c.objc; path = WATabbarController.m; sourceTree = "<group>"; };
		098E06252578856500182195 /* WeAppCustomTabbar.h */ = {isa = PBXFileReference; lastKnownFileType = sourcecode.c.h; path = WeAppCustomTabbar.h; sourceTree = "<group>"; };
		098E06262578856500182195 /* WeAppCustomTabbar.m */ = {isa = PBXFileReference; lastKnownFileType = sourcecode.c.objc; path = WeAppCustomTabbar.m; sourceTree = "<group>"; };
		098E062925788D6200182195 /* WeAppCustomTabbarDelegate-Protocol.h */ = {isa = PBXFileReference; lastKnownFileType = sourcecode.c.h; path = "WeAppCustomTabbarDelegate-Protocol.h"; sourceTree = "<group>"; };
		098E062A25788DC100182195 /* WeAppCustomTabbarItem.h */ = {isa = PBXFileReference; lastKnownFileType = sourcecode.c.h; path = WeAppCustomTabbarItem.h; sourceTree = "<group>"; };
		098E062B25788DC100182195 /* WeAppCustomTabbarItem.m */ = {isa = PBXFileReference; lastKnownFileType = sourcecode.c.objc; path = WeAppCustomTabbarItem.m; sourceTree = "<group>"; };
		098E06302578D1D400182195 /* WANavigationController.m */ = {isa = PBXFileReference; fileEncoding = 4; lastKnownFileType = sourcecode.c.objc; path = WANavigationController.m; sourceTree = "<group>"; };
		098E06312578D1D400182195 /* WANavigationController.h */ = {isa = PBXFileReference; fileEncoding = 4; lastKnownFileType = sourcecode.c.h; path = WANavigationController.h; sourceTree = "<group>"; };
		098E06332578E38700182195 /* WAPageRouteDelegate-Protocol.h */ = {isa = PBXFileReference; lastKnownFileType = sourcecode.c.h; path = "WAPageRouteDelegate-Protocol.h"; sourceTree = "<group>"; };
		09C2E63E2564D4BB003EA2D6 /* WAMsgHandler.h */ = {isa = PBXFileReference; lastKnownFileType = sourcecode.c.h; path = WAMsgHandler.h; sourceTree = "<group>"; };
		09C2E63F2564D4BB003EA2D6 /* WAMsgHandler.m */ = {isa = PBXFileReference; lastKnownFileType = sourcecode.c.objc; path = WAMsgHandler.m; sourceTree = "<group>"; };
		09C2E641256500B8003EA2D6 /* PSWebSocketDriver+FixSecWebsocketProtocol.h */ = {isa = PBXFileReference; lastKnownFileType = sourcecode.c.h; path = "PSWebSocketDriver+FixSecWebsocketProtocol.h"; sourceTree = "<group>"; };
		09C2E642256500B8003EA2D6 /* PSWebSocketDriver+FixSecWebsocketProtocol.m */ = {isa = PBXFileReference; lastKnownFileType = sourcecode.c.objc; path = "PSWebSocketDriver+FixSecWebsocketProtocol.m"; sourceTree = "<group>"; };
		09C2E64D25650853003EA2D6 /* WAJSCoreService.m */ = {isa = PBXFileReference; fileEncoding = 4; lastKnownFileType = sourcecode.c.objc; path = WAJSCoreService.m; sourceTree = "<group>"; };
		09C2E64E25650853003EA2D6 /* WAJSCoreService.h */ = {isa = PBXFileReference; fileEncoding = 4; lastKnownFileType = sourcecode.c.h; path = WAJSCoreService.h; sourceTree = "<group>"; };
		09C2E65025651A69003EA2D6 /* WAWebSocketMgr.h */ = {isa = PBXFileReference; lastKnownFileType = sourcecode.c.h; path = WAWebSocketMgr.h; sourceTree = "<group>"; };
		09C2E65125651A69003EA2D6 /* WAWebSocketMgr.m */ = {isa = PBXFileReference; lastKnownFileType = sourcecode.c.objc; path = WAWebSocketMgr.m; sourceTree = "<group>"; };
		09C2E65425652C86003EA2D6 /* WAJSEventHandler_BaseEvent.h */ = {isa = PBXFileReference; lastKnownFileType = sourcecode.c.h; path = WAJSEventHandler_BaseEvent.h; sourceTree = "<group>"; };
		09C2E65525652C86003EA2D6 /* WAJSEventHandler_BaseEvent.m */ = {isa = PBXFileReference; lastKnownFileType = sourcecode.c.objc; path = WAJSEventHandler_BaseEvent.m; sourceTree = "<group>"; };
		09C2E65825661F5C003EA2D6 /* WAAppURLProtocol.m */ = {isa = PBXFileReference; fileEncoding = 4; lastKnownFileType = sourcecode.c.objc; path = WAAppURLProtocol.m; sourceTree = "<group>"; };
		09C2E65925661F5C003EA2D6 /* WAAppURLProtocol.h */ = {isa = PBXFileReference; fileEncoding = 4; lastKnownFileType = sourcecode.c.h; path = WAAppURLProtocol.h; sourceTree = "<group>"; };
		09C2E65B25666100003EA2D6 /* WAJSEventHandler_getSystemInfo.h */ = {isa = PBXFileReference; lastKnownFileType = sourcecode.c.h; path = WAJSEventHandler_getSystemInfo.h; sourceTree = "<group>"; };
		09C2E65C25666100003EA2D6 /* WAJSEventHandler_getSystemInfo.m */ = {isa = PBXFileReference; lastKnownFileType = sourcecode.c.objc; path = WAJSEventHandler_getSystemInfo.m; sourceTree = "<group>"; };
		09C50208256F4ED4001C992A /* WAWebViewPageMgr.h */ = {isa = PBXFileReference; lastKnownFileType = sourcecode.c.h; path = WAWebViewPageMgr.h; sourceTree = "<group>"; };
		09C50209256F4ED4001C992A /* WAWebViewPageMgr.m */ = {isa = PBXFileReference; lastKnownFileType = sourcecode.c.objc; path = WAWebViewPageMgr.m; sourceTree = "<group>"; };
		09C5020B256F8BCD001C992A /* WAWebViewPageData.m */ = {isa = PBXFileReference; fileEncoding = 4; lastKnownFileType = sourcecode.c.objc; path = WAWebViewPageData.m; sourceTree = "<group>"; };
		09C5020C256F8BCD001C992A /* WAWebViewPageData.h */ = {isa = PBXFileReference; fileEncoding = 4; lastKnownFileType = sourcecode.c.h; path = WAWebViewPageData.h; sourceTree = "<group>"; };
		09C5020E256F8E8A001C992A /* WAGlobalConfig.h */ = {isa = PBXFileReference; lastKnownFileType = sourcecode.c.h; path = WAGlobalConfig.h; sourceTree = "<group>"; };
		09C5020F256F8E8A001C992A /* WAGlobalConfig.m */ = {isa = PBXFileReference; lastKnownFileType = sourcecode.c.objc; path = WAGlobalConfig.m; sourceTree = "<group>"; };
		09C50211256F900E001C992A /* WAPageStyle.h */ = {isa = PBXFileReference; lastKnownFileType = sourcecode.c.h; path = WAPageStyle.h; sourceTree = "<group>"; };
		09C50212256F900E001C992A /* WAPageStyle.m */ = {isa = PBXFileReference; lastKnownFileType = sourcecode.c.objc; path = WAPageStyle.m; sourceTree = "<group>"; };
		09C50214256F901C001C992A /* WATabbarStyle.h */ = {isa = PBXFileReference; lastKnownFileType = sourcecode.c.h; path = WATabbarStyle.h; sourceTree = "<group>"; };
		09C50215256F901C001C992A /* WATabbarStyle.m */ = {isa = PBXFileReference; lastKnownFileType = sourcecode.c.objc; path = WATabbarStyle.m; sourceTree = "<group>"; };
		09C50218256F956F001C992A /* WAWebViewController.m */ = {isa = PBXFileReference; fileEncoding = 4; lastKnownFileType = sourcecode.c.objc; path = WAWebViewController.m; sourceTree = "<group>"; };
		09C50219256F956F001C992A /* WAWebViewDelegate-Protocol.h */ = {isa = PBXFileReference; fileEncoding = 4; lastKnownFileType = sourcecode.c.h; path = "WAWebViewDelegate-Protocol.h"; sourceTree = "<group>"; };
		09C5021A256F9570001C992A /* WABaseViewController.h */ = {isa = PBXFileReference; fileEncoding = 4; lastKnownFileType = sourcecode.c.h; path = WABaseViewController.h; sourceTree = "<group>"; };
		09C5021B256F9570001C992A /* WAWebViewController.h */ = {isa = PBXFileReference; fileEncoding = 4; lastKnownFileType = sourcecode.c.h; path = WAWebViewController.h; sourceTree = "<group>"; };
		09C5021C256F9570001C992A /* WABaseViewController.m */ = {isa = PBXFileReference; fileEncoding = 4; lastKnownFileType = sourcecode.c.objc; path = WABaseViewController.m; sourceTree = "<group>"; };
		09C50220256F9D05001C992A /* WAPageDataGenerator.h */ = {isa = PBXFileReference; lastKnownFileType = sourcecode.c.h; path = WAPageDataGenerator.h; sourceTree = "<group>"; };
		09C50221256F9D05001C992A /* WAPageDataGenerator.m */ = {isa = PBXFileReference; lastKnownFileType = sourcecode.c.objc; path = WAPageDataGenerator.m; sourceTree = "<group>"; };
		09C502242570928D001C992A /* WAMsgGenerator.h */ = {isa = PBXFileReference; lastKnownFileType = sourcecode.c.h; path = WAMsgGenerator.h; sourceTree = "<group>"; };
		09C502252570928D001C992A /* WAMsgGenerator.m */ = {isa = PBXFileReference; lastKnownFileType = sourcecode.c.objc; path = WAMsgGenerator.m; sourceTree = "<group>"; };
		09C502302570AC14001C992A /* WAAppBundleUtility.h */ = {isa = PBXFileReference; lastKnownFileType = sourcecode.c.h; path = WAAppBundleUtility.h; sourceTree = "<group>"; };
		09C502312570AC14001C992A /* WAAppBundleUtility.m */ = {isa = PBXFileReference; lastKnownFileType = sourcecode.c.objc; path = WAAppBundleUtility.m; sourceTree = "<group>"; };
		09C502342570B0D5001C992A /* WACapsuleView.h */ = {isa = PBXFileReference; lastKnownFileType = sourcecode.c.h; path = WACapsuleView.h; sourceTree = "<group>"; };
		09C502352570B0D5001C992A /* WACapsuleView.m */ = {isa = PBXFileReference; lastKnownFileType = sourcecode.c.objc; path = WACapsuleView.m; sourceTree = "<group>"; };
		09C502372570B57B001C992A /* WAWebViewMutiFuncMenuViewDelegate-Protocol.h */ = {isa = PBXFileReference; lastKnownFileType = sourcecode.c.h; path = "WAWebViewMutiFuncMenuViewDelegate-Protocol.h"; sourceTree = "<group>"; };
		09C502382570B779001C992A /* WAWebViewMutiFuncMenuView.h */ = {isa = PBXFileReference; lastKnownFileType = sourcecode.c.h; path = WAWebViewMutiFuncMenuView.h; sourceTree = "<group>"; };
		09C502392570B779001C992A /* WAWebViewMutiFuncMenuView.m */ = {isa = PBXFileReference; lastKnownFileType = sourcecode.c.objc; path = WAWebViewMutiFuncMenuView.m; sourceTree = "<group>"; };
		09C5023B2570D4A6001C992A /* WAWebViewMutiFuncMenuViewDataSource-Protocol.h */ = {isa = PBXFileReference; lastKnownFileType = sourcecode.c.h; path = "WAWebViewMutiFuncMenuViewDataSource-Protocol.h"; sourceTree = "<group>"; };
		09C5023C2570FCF5001C992A /* WACapsuleMenuDelegate-Protocol.h */ = {isa = PBXFileReference; lastKnownFileType = sourcecode.c.h; path = "WACapsuleMenuDelegate-Protocol.h"; sourceTree = "<group>"; };
		09C5023D25710928001C992A /* WAJSEventHandler_navigateTo.h */ = {isa = PBXFileReference; lastKnownFileType = sourcecode.c.h; path = WAJSEventHandler_navigateTo.h; sourceTree = "<group>"; };
		09C5023E25710928001C992A /* WAJSEventHandler_navigateTo.m */ = {isa = PBXFileReference; lastKnownFileType = sourcecode.c.objc; path = WAJSEventHandler_navigateTo.m; sourceTree = "<group>"; };
		09DB4C7F2562175B0037A656 /* WeAppExample.app */ = {isa = PBXFileReference; explicitFileType = wrapper.application; includeInIndex = 0; path = WeAppExample.app; sourceTree = BUILT_PRODUCTS_DIR; };
		09DB4C822562175B0037A656 /* AppDelegate.h */ = {isa = PBXFileReference; lastKnownFileType = sourcecode.c.h; path = AppDelegate.h; sourceTree = "<group>"; };
		09DB4C832562175B0037A656 /* AppDelegate.m */ = {isa = PBXFileReference; lastKnownFileType = sourcecode.c.objc; path = AppDelegate.m; sourceTree = "<group>"; };
		09DB4C852562175B0037A656 /* SceneDelegate.h */ = {isa = PBXFileReference; lastKnownFileType = sourcecode.c.h; path = SceneDelegate.h; sourceTree = "<group>"; };
		09DB4C862562175B0037A656 /* SceneDelegate.m */ = {isa = PBXFileReference; lastKnownFileType = sourcecode.c.objc; path = SceneDelegate.m; sourceTree = "<group>"; };
		09DB4C882562175B0037A656 /* ViewController.h */ = {isa = PBXFileReference; lastKnownFileType = sourcecode.c.h; path = ViewController.h; sourceTree = "<group>"; };
		09DB4C892562175B0037A656 /* ViewController.m */ = {isa = PBXFileReference; lastKnownFileType = sourcecode.c.objc; path = ViewController.m; sourceTree = "<group>"; };
		09DB4C8C2562175B0037A656 /* Base */ = {isa = PBXFileReference; lastKnownFileType = file.storyboard; name = Base; path = Base.lproj/Main.storyboard; sourceTree = "<group>"; };
		09DB4C8E2562175C0037A656 /* Assets.xcassets */ = {isa = PBXFileReference; lastKnownFileType = folder.assetcatalog; path = Assets.xcassets; sourceTree = "<group>"; };
		09DB4C912562175C0037A656 /* Base */ = {isa = PBXFileReference; lastKnownFileType = file.storyboard; name = Base; path = Base.lproj/LaunchScreen.storyboard; sourceTree = "<group>"; };
		09DB4C932562175C0037A656 /* Info.plist */ = {isa = PBXFileReference; lastKnownFileType = text.plist.xml; path = Info.plist; sourceTree = "<group>"; };
		09DB4C942562175C0037A656 /* main.m */ = {isa = PBXFileReference; lastKnownFileType = sourcecode.c.objc; path = main.m; sourceTree = "<group>"; };
		09DB4CD92562848F0037A656 /* WAError.h */ = {isa = PBXFileReference; fileEncoding = 4; lastKnownFileType = sourcecode.c.h; path = WAError.h; sourceTree = "<group>"; };
		09DB4CDB2562848F0037A656 /* WAError.m */ = {isa = PBXFileReference; fileEncoding = 4; lastKnownFileType = sourcecode.c.objc; path = WAError.m; sourceTree = "<group>"; };
		09DB4CDD2562848F0037A656 /* WAAppTaskHandlerWrapper.m */ = {isa = PBXFileReference; fileEncoding = 4; lastKnownFileType = sourcecode.c.objc; path = WAAppTaskHandlerWrapper.m; sourceTree = "<group>"; };
		09DB4CDE2562848F0037A656 /* WAAppOpenParameter.h */ = {isa = PBXFileReference; fileEncoding = 4; lastKnownFileType = sourcecode.c.h; path = WAAppOpenParameter.h; sourceTree = "<group>"; };
		09DB4CDF2562848F0037A656 /* WAAppPreloader.m */ = {isa = PBXFileReference; fileEncoding = 4; lastKnownFileType = sourcecode.c.objc; path = WAAppPreloader.m; sourceTree = "<group>"; };
		09DB4CE02562848F0037A656 /* WAAppTaskExtInfo.m */ = {isa = PBXFileReference; fileEncoding = 4; lastKnownFileType = sourcecode.c.objc; path = WAAppTaskExtInfo.m; sourceTree = "<group>"; };
		09DB4CE12562848F0037A656 /* WAAppTaskHandlerWrapper.h */ = {isa = PBXFileReference; fileEncoding = 4; lastKnownFileType = sourcecode.c.h; path = WAAppTaskHandlerWrapper.h; sourceTree = "<group>"; };
		09DB4CE22562848F0037A656 /* WAAppOpenParameter.m */ = {isa = PBXFileReference; fileEncoding = 4; lastKnownFileType = sourcecode.c.objc; path = WAAppOpenParameter.m; sourceTree = "<group>"; };
		09DB4CE32562848F0037A656 /* WAAppTaskExtInfo.h */ = {isa = PBXFileReference; fileEncoding = 4; lastKnownFileType = sourcecode.c.h; path = WAAppTaskExtInfo.h; sourceTree = "<group>"; };
		09DB4CE42562848F0037A656 /* WAAppPreloader.h */ = {isa = PBXFileReference; fileEncoding = 4; lastKnownFileType = sourcecode.c.h; path = WAAppPreloader.h; sourceTree = "<group>"; };
		09DB4CE52562848F0037A656 /* MMService.h */ = {isa = PBXFileReference; fileEncoding = 4; lastKnownFileType = sourcecode.c.h; path = MMService.h; sourceTree = "<group>"; };
		09DB4CE62562848F0037A656 /* MMService.m */ = {isa = PBXFileReference; fileEncoding = 4; lastKnownFileType = sourcecode.c.objc; path = MMService.m; sourceTree = "<group>"; };
		09DB4CE8256284900037A656 /* WAFileMgr.h */ = {isa = PBXFileReference; fileEncoding = 4; lastKnownFileType = sourcecode.c.h; path = WAFileMgr.h; sourceTree = "<group>"; };
		09DB4CE9256284900037A656 /* WAFileMgr.m */ = {isa = PBXFileReference; fileEncoding = 4; lastKnownFileType = sourcecode.c.objc; path = WAFileMgr.m; sourceTree = "<group>"; };
		09DB4CEA256284900037A656 /* WeApp.bundle */ = {isa = PBXFileReference; lastKnownFileType = "wrapper.plug-in"; path = WeApp.bundle; sourceTree = "<group>"; };
		09DB5019256386E00037A656 /* WAUtility.h */ = {isa = PBXFileReference; fileEncoding = 4; lastKnownFileType = sourcecode.c.h; path = WAUtility.h; sourceTree = "<group>"; };
		09DB501A256386E00037A656 /* NSURLProtocol+WebKitSupport.m */ = {isa = PBXFileReference; fileEncoding = 4; lastKnownFileType = sourcecode.c.objc; path = "NSURLProtocol+WebKitSupport.m"; sourceTree = "<group>"; };
		09DB501B256386E00037A656 /* NSURLProtocol+WebKitSupport.h */ = {isa = PBXFileReference; fileEncoding = 4; lastKnownFileType = sourcecode.c.h; path = "NSURLProtocol+WebKitSupport.h"; sourceTree = "<group>"; };
		09DB501C256386E00037A656 /* WAUtility.m */ = {isa = PBXFileReference; fileEncoding = 4; lastKnownFileType = sourcecode.c.objc; path = WAUtility.m; sourceTree = "<group>"; };
		09DB5020256386FB0037A656 /* WAAppTaskMgr.m */ = {isa = PBXFileReference; fileEncoding = 4; lastKnownFileType = sourcecode.c.objc; path = WAAppTaskMgr.m; sourceTree = "<group>"; };
		09DB5021256386FB0037A656 /* WAAppTaskMgr.h */ = {isa = PBXFileReference; fileEncoding = 4; lastKnownFileType = sourcecode.c.h; path = WAAppTaskMgr.h; sourceTree = "<group>"; };
		09DB502A256389550037A656 /* WAAppTask.h */ = {isa = PBXFileReference; lastKnownFileType = sourcecode.c.h; path = WAAppTask.h; sourceTree = "<group>"; };
		09DB502B256389550037A656 /* WAAppTask.m */ = {isa = PBXFileReference; lastKnownFileType = sourcecode.c.objc; path = WAAppTask.m; sourceTree = "<group>"; };
		09DB502D2563AC870037A656 /* WAConfigMgr.h */ = {isa = PBXFileReference; lastKnownFileType = sourcecode.c.h; path = WAConfigMgr.h; sourceTree = "<group>"; };
		09DB502E2563AC870037A656 /* WAConfigMgr.m */ = {isa = PBXFileReference; lastKnownFileType = sourcecode.c.objc; path = WAConfigMgr.m; sourceTree = "<group>"; };
		09DB50302563ACB50037A656 /* MMContext.h */ = {isa = PBXFileReference; lastKnownFileType = sourcecode.c.h; path = MMContext.h; sourceTree = "<group>"; };
		09DB50312563ACB50037A656 /* MMContext.m */ = {isa = PBXFileReference; lastKnownFileType = sourcecode.c.objc; path = MMContext.m; sourceTree = "<group>"; };
		09DB50332563B9F60037A656 /* MMServiceProtocol-Protocol.h */ = {isa = PBXFileReference; lastKnownFileType = sourcecode.c.h; path = "MMServiceProtocol-Protocol.h"; sourceTree = "<group>"; };
		09DB50382563D1330037A656 /* WAAppEnum.h */ = {isa = PBXFileReference; lastKnownFileType = sourcecode.c.h; path = WAAppEnum.h; sourceTree = "<group>"; };
		09DB503E2564C5C30037A656 /* WASocketServer.h */ = {isa = PBXFileReference; lastKnownFileType = sourcecode.c.h; path = WASocketServer.h; sourceTree = "<group>"; };
		09DB503F2564C5C30037A656 /* WASocketServer.m */ = {isa = PBXFileReference; lastKnownFileType = sourcecode.c.objc; path = WASocketServer.m; sourceTree = "<group>"; };
		09DB50412564C6030037A656 /* WASocketClient.h */ = {isa = PBXFileReference; lastKnownFileType = sourcecode.c.h; path = WASocketClient.h; sourceTree = "<group>"; };
		09DB50422564C6030037A656 /* WASocketClient.m */ = {isa = PBXFileReference; lastKnownFileType = sourcecode.c.objc; path = WASocketClient.m; sourceTree = "<group>"; };
		319FEE0E073A30448673DB41 /* Pods-WeAppExample.release.xcconfig */ = {isa = PBXFileReference; includeInIndex = 1; lastKnownFileType = text.xcconfig; name = "Pods-WeAppExample.release.xcconfig"; path = "Target Support Files/Pods-WeAppExample/Pods-WeAppExample.release.xcconfig"; sourceTree = "<group>"; };
		9A14561E31578BA3D7FD690A /* libPods-WeAppExample.a */ = {isa = PBXFileReference; explicitFileType = archive.ar; includeInIndex = 0; path = "libPods-WeAppExample.a"; sourceTree = BUILT_PRODUCTS_DIR; };
		F00C790A0B9F835EB2DB4C5E /* Pods-WeAppExample.debug.xcconfig */ = {isa = PBXFileReference; includeInIndex = 1; lastKnownFileType = text.xcconfig; name = "Pods-WeAppExample.debug.xcconfig"; path = "Target Support Files/Pods-WeAppExample/Pods-WeAppExample.debug.xcconfig"; sourceTree = "<group>"; };
/* End PBXFileReference section */

/* Begin PBXFrameworksBuildPhase section */
		09DB4C7C2562175B0037A656 /* Frameworks */ = {
			isa = PBXFrameworksBuildPhase;
			buildActionMask = 2147483647;
			files = (
				F4B7F67AA9B15DCFCAA6D647 /* libPods-WeAppExample.a in Frameworks */,
			);
			runOnlyForDeploymentPostprocessing = 0;
		};
/* End PBXFrameworksBuildPhase section */

/* Begin PBXGroup section */
		098E06232578853600182195 /* WAWebViewMutiFuncMenuView */ = {
			isa = PBXGroup;
			children = (
				09C5023B2570D4A6001C992A /* WAWebViewMutiFuncMenuViewDataSource-Protocol.h */,
				09C502372570B57B001C992A /* WAWebViewMutiFuncMenuViewDelegate-Protocol.h */,
				09C502382570B779001C992A /* WAWebViewMutiFuncMenuView.h */,
				09C502392570B779001C992A /* WAWebViewMutiFuncMenuView.m */,
			);
			path = WAWebViewMutiFuncMenuView;
			sourceTree = "<group>";
		};
		098E06242578854500182195 /* WACapsuleView */ = {
			isa = PBXGroup;
			children = (
				09C5023C2570FCF5001C992A /* WACapsuleMenuDelegate-Protocol.h */,
				09C502342570B0D5001C992A /* WACapsuleView.h */,
				09C502352570B0D5001C992A /* WACapsuleView.m */,
			);
			path = WACapsuleView;
			sourceTree = "<group>";
		};
		098E06282578856C00182195 /* WeAppCustomTabbar */ = {
			isa = PBXGroup;
			children = (
				098E06252578856500182195 /* WeAppCustomTabbar.h */,
				098E06262578856500182195 /* WeAppCustomTabbar.m */,
				098E062A25788DC100182195 /* WeAppCustomTabbarItem.h */,
				098E062B25788DC100182195 /* WeAppCustomTabbarItem.m */,
				098E062925788D6200182195 /* WeAppCustomTabbarDelegate-Protocol.h */,
			);
			path = WeAppCustomTabbar;
			sourceTree = "<group>";
		};
		09C2E64C25650853003EA2D6 /* WAJSCoreService */ = {
			isa = PBXGroup;
			children = (
				09C2E64E25650853003EA2D6 /* WAJSCoreService.h */,
				09C2E64D25650853003EA2D6 /* WAJSCoreService.m */,
			);
			path = WAJSCoreService;
			sourceTree = "<group>";
		};
		09C2E65325652C6F003EA2D6 /* WAJSEventHandler */ = {
			isa = PBXGroup;
			children = (
				09C2E65425652C86003EA2D6 /* WAJSEventHandler_BaseEvent.h */,
				09C2E65525652C86003EA2D6 /* WAJSEventHandler_BaseEvent.m */,
				09C2E65B25666100003EA2D6 /* WAJSEventHandler_getSystemInfo.h */,
				09C2E65C25666100003EA2D6 /* WAJSEventHandler_getSystemInfo.m */,
				095E7F87256670FC000039AD /* WAJSEventHandler_getClipboardData.h */,
				095E7F88256670FC000039AD /* WAJSEventHandler_getClipboardData.m */,
				095E7F8A2566710E000039AD /* WAJSEventHandler_getNetworkType.h */,
				095E7F8B2566710E000039AD /* WAJSEventHandler_getNetworkType.m */,
				09C5023D25710928001C992A /* WAJSEventHandler_navigateTo.h */,
				09C5023E25710928001C992A /* WAJSEventHandler_navigateTo.m */,
			);
			path = WAJSEventHandler;
			sourceTree = "<group>";
		};
		09C50217256F9558001C992A /* Style */ = {
			isa = PBXGroup;
			children = (
				09C50211256F900E001C992A /* WAPageStyle.h */,
				09C50212256F900E001C992A /* WAPageStyle.m */,
				09C50214256F901C001C992A /* WATabbarStyle.h */,
				09C50215256F901C001C992A /* WATabbarStyle.m */,
			);
			path = Style;
			sourceTree = "<group>";
		};
		09C5021F256F96F6001C992A /* Controller */ = {
			isa = PBXGroup;
			children = (
				098E06312578D1D400182195 /* WANavigationController.h */,
				098E06302578D1D400182195 /* WANavigationController.m */,
				09C5021A256F9570001C992A /* WABaseViewController.h */,
				09C5021C256F9570001C992A /* WABaseViewController.m */,
				09C50219256F956F001C992A /* WAWebViewDelegate-Protocol.h */,
				09C5021B256F9570001C992A /* WAWebViewController.h */,
				09C50218256F956F001C992A /* WAWebViewController.m */,
				098B3B72257DD4C400975904 /* WATabbarControllerDelegate-Protocol.h */,
				098E06202578851A00182195 /* WATabbarController.h */,
				098E06212578851A00182195 /* WATabbarController.m */,
				098B3B73257E18F300975904 /* WAAppLaunchController.h */,
				098B3B74257E18F300975904 /* WAAppLaunchController.m */,
			);
			path = Controller;
			sourceTree = "<group>";
		};
		09C5022325709262001C992A /* WAMsgHandler */ = {
			isa = PBXGroup;
			children = (
				09C2E63E2564D4BB003EA2D6 /* WAMsgHandler.h */,
				09C2E63F2564D4BB003EA2D6 /* WAMsgHandler.m */,
				09C502242570928D001C992A /* WAMsgGenerator.h */,
				09C502252570928D001C992A /* WAMsgGenerator.m */,
			);
			path = WAMsgHandler;
			sourceTree = "<group>";
		};
		09C502332570B0B8001C992A /* View */ = {
			isa = PBXGroup;
			children = (
				098E06282578856C00182195 /* WeAppCustomTabbar */,
				098E06242578854500182195 /* WACapsuleView */,
				098E06232578853600182195 /* WAWebViewMutiFuncMenuView */,
			);
			path = View;
			sourceTree = "<group>";
		};
		09DB4C762562175B0037A656 = {
			isa = PBXGroup;
			children = (
				09DB4C812562175B0037A656 /* WeAppExample */,
				09DB4C802562175B0037A656 /* Products */,
				B8A4C9631154A86C813104B2 /* Pods */,
				CEDAD741DE915C76ADF6D725 /* Frameworks */,
			);
			sourceTree = "<group>";
		};
		09DB4C802562175B0037A656 /* Products */ = {
			isa = PBXGroup;
			children = (
				09DB4C7F2562175B0037A656 /* WeAppExample.app */,
			);
			name = Products;
			sourceTree = "<group>";
		};
		09DB4C812562175B0037A656 /* WeAppExample */ = {
			isa = PBXGroup;
			children = (
				09DB4CD62562848F0037A656 /* WeApp */,
				09DB4CAC25621DFA0037A656 /* AppDelegate */,
			);
			path = WeAppExample;
			sourceTree = "<group>";
		};
		09DB4CAC25621DFA0037A656 /* AppDelegate */ = {
			isa = PBXGroup;
			children = (
				09DB4C822562175B0037A656 /* AppDelegate.h */,
				09DB4C832562175B0037A656 /* AppDelegate.m */,
				09DB4C852562175B0037A656 /* SceneDelegate.h */,
				09DB4C862562175B0037A656 /* SceneDelegate.m */,
				09DB4C882562175B0037A656 /* ViewController.h */,
				09DB4C892562175B0037A656 /* ViewController.m */,
				09DB4C8B2562175B0037A656 /* Main.storyboard */,
				09DB4C8E2562175C0037A656 /* Assets.xcassets */,
				09DB4C902562175C0037A656 /* LaunchScreen.storyboard */,
				09DB4C932562175C0037A656 /* Info.plist */,
				09DB4C942562175C0037A656 /* main.m */,
				095E7F8F25667DE0000039AD /* miniprogram.zip */,
				095E7F8525666E89000039AD /* weapp-demo.zip */,
			);
			name = AppDelegate;
			sourceTree = "<group>";
		};
		09DB4CD62562848F0037A656 /* WeApp */ = {
			isa = PBXGroup;
			children = (
				09DB4CD72562848F0037A656 /* Core */,
				09DB4CEA256284900037A656 /* WeApp.bundle */,
			);
			path = WeApp;
			sourceTree = SOURCE_ROOT;
		};
		09DB4CD72562848F0037A656 /* Core */ = {
			isa = PBXGroup;
			children = (
				09DB50382563D1330037A656 /* WAAppEnum.h */,
				09DB4CDC2562848F0037A656 /* WAAppPreloader */,
				09DB501F256386FB0037A656 /* WAAppTaskMgr */,
				09DB50342563BBF10037A656 /* WAConfigMgr */,
				09DB4CD82562848F0037A656 /* WAError */,
				09DB50392563D2800037A656 /* MMContext */,
				09DB4CE7256284900037A656 /* Utility */,
			);
			path = Core;
			sourceTree = "<group>";
		};
		09DB4CD82562848F0037A656 /* WAError */ = {
			isa = PBXGroup;
			children = (
				09DB4CD92562848F0037A656 /* WAError.h */,
				09DB4CDB2562848F0037A656 /* WAError.m */,
			);
			path = WAError;
			sourceTree = "<group>";
		};
		09DB4CDC2562848F0037A656 /* WAAppPreloader */ = {
			isa = PBXGroup;
			children = (
				09DB4CDE2562848F0037A656 /* WAAppOpenParameter.h */,
				09DB4CE22562848F0037A656 /* WAAppOpenParameter.m */,
				09DB4CE42562848F0037A656 /* WAAppPreloader.h */,
				09DB4CDF2562848F0037A656 /* WAAppPreloader.m */,
				09DB4CE32562848F0037A656 /* WAAppTaskExtInfo.h */,
				09DB4CE02562848F0037A656 /* WAAppTaskExtInfo.m */,
				09DB4CE12562848F0037A656 /* WAAppTaskHandlerWrapper.h */,
				09DB4CDD2562848F0037A656 /* WAAppTaskHandlerWrapper.m */,
			);
			path = WAAppPreloader;
			sourceTree = "<group>";
		};
		09DB4CE7256284900037A656 /* Utility */ = {
			isa = PBXGroup;
			children = (
				09DB5019256386E00037A656 /* WAUtility.h */,
				09DB501C256386E00037A656 /* WAUtility.m */,
				09C502302570AC14001C992A /* WAAppBundleUtility.h */,
				09C502312570AC14001C992A /* WAAppBundleUtility.m */,
				09C2E65925661F5C003EA2D6 /* WAAppURLProtocol.h */,
				09C2E65825661F5C003EA2D6 /* WAAppURLProtocol.m */,
				09DB501B256386E00037A656 /* NSURLProtocol+WebKitSupport.h */,
				09DB501A256386E00037A656 /* NSURLProtocol+WebKitSupport.m */,
			);
			path = Utility;
			sourceTree = "<group>";
		};
		09DB501F256386FB0037A656 /* WAAppTaskMgr */ = {
			isa = PBXGroup;
			children = (
				09C5022325709262001C992A /* WAMsgHandler */,
				09C2E65325652C6F003EA2D6 /* WAJSEventHandler */,
				09DB503D2564C56A0037A656 /* WASocketServer */,
				09C2E64C25650853003EA2D6 /* WAJSCoreService */,
				09DB5023256387140037A656 /* WAWebViewPageMgr */,
				09DB5021256386FB0037A656 /* WAAppTaskMgr.h */,
				09DB5020256386FB0037A656 /* WAAppTaskMgr.m */,
				09DB502A256389550037A656 /* WAAppTask.h */,
				09DB502B256389550037A656 /* WAAppTask.m */,
			);
			path = WAAppTaskMgr;
			sourceTree = "<group>";
		};
		09DB5023256387140037A656 /* WAWebViewPageMgr */ = {
			isa = PBXGroup;
			children = (
				09C50217256F9558001C992A /* Style */,
				09C5021F256F96F6001C992A /* Controller */,
				09C502332570B0B8001C992A /* View */,
				098E06332578E38700182195 /* WAPageRouteDelegate-Protocol.h */,
				09C5020E256F8E8A001C992A /* WAGlobalConfig.h */,
				09C5020F256F8E8A001C992A /* WAGlobalConfig.m */,
				09C50208256F4ED4001C992A /* WAWebViewPageMgr.h */,
				09C50209256F4ED4001C992A /* WAWebViewPageMgr.m */,
				09C5020C256F8BCD001C992A /* WAWebViewPageData.h */,
				09C5020B256F8BCD001C992A /* WAWebViewPageData.m */,
				09C50220256F9D05001C992A /* WAPageDataGenerator.h */,
				09C50221256F9D05001C992A /* WAPageDataGenerator.m */,
			);
			path = WAWebViewPageMgr;
			sourceTree = "<group>";
		};
		09DB50342563BBF10037A656 /* WAConfigMgr */ = {
			isa = PBXGroup;
			children = (
				09DB4CE8256284900037A656 /* WAFileMgr.h */,
				09DB4CE9256284900037A656 /* WAFileMgr.m */,
				09DB502D2563AC870037A656 /* WAConfigMgr.h */,
				09DB502E2563AC870037A656 /* WAConfigMgr.m */,
			);
			path = WAConfigMgr;
			sourceTree = "<group>";
		};
		09DB50392563D2800037A656 /* MMContext */ = {
			isa = PBXGroup;
			children = (
				09DB50332563B9F60037A656 /* MMServiceProtocol-Protocol.h */,
				09DB4CE52562848F0037A656 /* MMService.h */,
				09DB4CE62562848F0037A656 /* MMService.m */,
				09DB50302563ACB50037A656 /* MMContext.h */,
				09DB50312563ACB50037A656 /* MMContext.m */,
			);
			path = MMContext;
			sourceTree = "<group>";
		};
		09DB503D2564C56A0037A656 /* WASocketServer */ = {
			isa = PBXGroup;
			children = (
				09DB503E2564C5C30037A656 /* WASocketServer.h */,
				09DB503F2564C5C30037A656 /* WASocketServer.m */,
				09DB50412564C6030037A656 /* WASocketClient.h */,
				09DB50422564C6030037A656 /* WASocketClient.m */,
				09C2E65025651A69003EA2D6 /* WAWebSocketMgr.h */,
				09C2E65125651A69003EA2D6 /* WAWebSocketMgr.m */,
				09C2E641256500B8003EA2D6 /* PSWebSocketDriver+FixSecWebsocketProtocol.h */,
				09C2E642256500B8003EA2D6 /* PSWebSocketDriver+FixSecWebsocketProtocol.m */,
			);
			path = WASocketServer;
			sourceTree = "<group>";
		};
		B8A4C9631154A86C813104B2 /* Pods */ = {
			isa = PBXGroup;
			children = (
				F00C790A0B9F835EB2DB4C5E /* Pods-WeAppExample.debug.xcconfig */,
				319FEE0E073A30448673DB41 /* Pods-WeAppExample.release.xcconfig */,
			);
			path = Pods;
			sourceTree = "<group>";
		};
		CEDAD741DE915C76ADF6D725 /* Frameworks */ = {
			isa = PBXGroup;
			children = (
				9A14561E31578BA3D7FD690A /* libPods-WeAppExample.a */,
			);
			name = Frameworks;
			sourceTree = "<group>";
		};
/* End PBXGroup section */

/* Begin PBXNativeTarget section */
		09DB4C7E2562175B0037A656 /* WeAppExample */ = {
			isa = PBXNativeTarget;
			buildConfigurationList = 09DB4C982562175C0037A656 /* Build configuration list for PBXNativeTarget "WeAppExample" */;
			buildPhases = (
				B048BA376A49C1D2123B125E /* [CP] Check Pods Manifest.lock */,
				09DB4C7B2562175B0037A656 /* Sources */,
				09DB4C7C2562175B0037A656 /* Frameworks */,
				09DB4C7D2562175B0037A656 /* Resources */,
			);
			buildRules = (
			);
			dependencies = (
			);
			name = WeAppExample;
			productName = WeAppExample;
			productReference = 09DB4C7F2562175B0037A656 /* WeAppExample.app */;
			productType = "com.apple.product-type.application";
		};
/* End PBXNativeTarget section */

/* Begin PBXProject section */
		09DB4C772562175B0037A656 /* Project object */ = {
			isa = PBXProject;
			attributes = {
				LastUpgradeCheck = 1170;
				ORGANIZATIONNAME = wept;
				TargetAttributes = {
					09DB4C7E2562175B0037A656 = {
						CreatedOnToolsVersion = 11.7;
					};
				};
			};
			buildConfigurationList = 09DB4C7A2562175B0037A656 /* Build configuration list for PBXProject "WeAppExample" */;
			compatibilityVersion = "Xcode 9.3";
			developmentRegion = en;
			hasScannedForEncodings = 0;
			knownRegions = (
				en,
				Base,
			);
			mainGroup = 09DB4C762562175B0037A656;
			productRefGroup = 09DB4C802562175B0037A656 /* Products */;
			projectDirPath = "";
			projectRoot = "";
			targets = (
				09DB4C7E2562175B0037A656 /* WeAppExample */,
			);
		};
/* End PBXProject section */

/* Begin PBXResourcesBuildPhase section */
		09DB4C7D2562175B0037A656 /* Resources */ = {
			isa = PBXResourcesBuildPhase;
			buildActionMask = 2147483647;
			files = (
				09DB4C922562175C0037A656 /* LaunchScreen.storyboard in Resources */,
				09DB4C8F2562175C0037A656 /* Assets.xcassets in Resources */,
				09DB4CF3256284900037A656 /* WeApp.bundle in Resources */,
				095E7F9025667DE0000039AD /* miniprogram.zip in Resources */,
				095E7F8625666E89000039AD /* weapp-demo.zip in Resources */,
				09DB4C8D2562175B0037A656 /* Main.storyboard in Resources */,
			);
			runOnlyForDeploymentPostprocessing = 0;
		};
/* End PBXResourcesBuildPhase section */

/* Begin PBXShellScriptBuildPhase section */
		B048BA376A49C1D2123B125E /* [CP] Check Pods Manifest.lock */ = {
			isa = PBXShellScriptBuildPhase;
			buildActionMask = 2147483647;
			files = (
			);
			inputFileListPaths = (
			);
			inputPaths = (
				"${PODS_PODFILE_DIR_PATH}/Podfile.lock",
				"${PODS_ROOT}/Manifest.lock",
			);
			name = "[CP] Check Pods Manifest.lock";
			outputFileListPaths = (
			);
			outputPaths = (
				"$(DERIVED_FILE_DIR)/Pods-WeAppExample-checkManifestLockResult.txt",
			);
			runOnlyForDeploymentPostprocessing = 0;
			shellPath = /bin/sh;
			shellScript = "diff \"${PODS_PODFILE_DIR_PATH}/Podfile.lock\" \"${PODS_ROOT}/Manifest.lock\" > /dev/null\nif [ $? != 0 ] ; then\n    # print error to STDERR\n    echo \"error: The sandbox is not in sync with the Podfile.lock. Run 'pod install' or update your CocoaPods installation.\" >&2\n    exit 1\nfi\n# This output is used by Xcode 'outputs' to avoid re-running this script phase.\necho \"SUCCESS\" > \"${SCRIPT_OUTPUT_FILE_0}\"\n";
			showEnvVarsInLog = 0;
		};
/* End PBXShellScriptBuildPhase section */

/* Begin PBXSourcesBuildPhase section */
		09DB4C7B2562175B0037A656 /* Sources */ = {
			isa = PBXSourcesBuildPhase;
			buildActionMask = 2147483647;
			files = (
				09C5021D256F9570001C992A /* WAWebViewController.m in Sources */,
				09DB4CED256284900037A656 /* WAAppTaskHandlerWrapper.m in Sources */,
				09C5020D256F8BCD001C992A /* WAWebViewPageData.m in Sources */,
				09DB502C256389550037A656 /* WAAppTask.m in Sources */,
				09DB4CEE256284900037A656 /* WAAppPreloader.m in Sources */,
				09DB4CF0256284900037A656 /* WAAppOpenParameter.m in Sources */,
				09C2E64F25650853003EA2D6 /* WAJSCoreService.m in Sources */,
				09DB501E256386E00037A656 /* WAUtility.m in Sources */,
				09C5020A256F4ED4001C992A /* WAWebViewPageMgr.m in Sources */,
				09DB4CF2256284900037A656 /* WAFileMgr.m in Sources */,
				09C502362570B0D5001C992A /* WACapsuleView.m in Sources */,
				09DB5022256386FB0037A656 /* WAAppTaskMgr.m in Sources */,
				09C50210256F8E8A001C992A /* WAGlobalConfig.m in Sources */,
				09C502322570AC14001C992A /* WAAppBundleUtility.m in Sources */,
				09C2E65225651A69003EA2D6 /* WAWebSocketMgr.m in Sources */,
				095E7F8C2566710E000039AD /* WAJSEventHandler_getNetworkType.m in Sources */,
				09C2E65D25666100003EA2D6 /* WAJSEventHandler_getSystemInfo.m in Sources */,
				09C5023F25710928001C992A /* WAJSEventHandler_navigateTo.m in Sources */,
				09DB501D256386E00037A656 /* NSURLProtocol+WebKitSupport.m in Sources */,
				09C2E65A25661F5C003EA2D6 /* WAAppURLProtocol.m in Sources */,
				09C2E643256500B8003EA2D6 /* PSWebSocketDriver+FixSecWebsocketProtocol.m in Sources */,
				09DB4CEF256284900037A656 /* WAAppTaskExtInfo.m in Sources */,
				09DB4C8A2562175B0037A656 /* ViewController.m in Sources */,
				09DB4C842562175B0037A656 /* AppDelegate.m in Sources */,
				09DB50402564C5C30037A656 /* WASocketServer.m in Sources */,
				09C502262570928D001C992A /* WAMsgGenerator.m in Sources */,
				09C50213256F900E001C992A /* WAPageStyle.m in Sources */,
				09DB4C952562175C0037A656 /* main.m in Sources */,
				09DB4CEC256284900037A656 /* WAError.m in Sources */,
				09C50216256F901C001C992A /* WATabbarStyle.m in Sources */,
				095E7F89256670FC000039AD /* WAJSEventHandler_getClipboardData.m in Sources */,
				09DB4CF1256284900037A656 /* MMService.m in Sources */,
				098B3B75257E18F300975904 /* WAAppLaunchController.m in Sources */,
				09DB50432564C6030037A656 /* WASocketClient.m in Sources */,
				098E062C25788DC100182195 /* WeAppCustomTabbarItem.m in Sources */,
				098E06322578D1D400182195 /* WANavigationController.m in Sources */,
				09DB50322563ACB50037A656 /* MMContext.m in Sources */,
				09C5021E256F9570001C992A /* WABaseViewController.m in Sources */,
				09C5023A2570B779001C992A /* WAWebViewMutiFuncMenuView.m in Sources */,
				09DB502F2563AC870037A656 /* WAConfigMgr.m in Sources */,
				09DB4C872562175B0037A656 /* SceneDelegate.m in Sources */,
				098E06272578856500182195 /* WeAppCustomTabbar.m in Sources */,
				09C50222256F9D05001C992A /* WAPageDataGenerator.m in Sources */,
				098E06222578851A00182195 /* WATabbarController.m in Sources */,
				09C2E6402564D4BB003EA2D6 /* WAMsgHandler.m in Sources */,
				09C2E65625652C86003EA2D6 /* WAJSEventHandler_BaseEvent.m in Sources */,
			);
			runOnlyForDeploymentPostprocessing = 0;
		};
/* End PBXSourcesBuildPhase section */

/* Begin PBXVariantGroup section */
		09DB4C8B2562175B0037A656 /* Main.storyboard */ = {
			isa = PBXVariantGroup;
			children = (
				09DB4C8C2562175B0037A656 /* Base */,
			);
			name = Main.storyboard;
			sourceTree = "<group>";
		};
		09DB4C902562175C0037A656 /* LaunchScreen.storyboard */ = {
			isa = PBXVariantGroup;
			children = (
				09DB4C912562175C0037A656 /* Base */,
			);
			name = LaunchScreen.storyboard;
			sourceTree = "<group>";
		};
/* End PBXVariantGroup section */

/* Begin XCBuildConfiguration section */
		09DB4C962562175C0037A656 /* Debug */ = {
			isa = XCBuildConfiguration;
			buildSettings = {
				ALWAYS_SEARCH_USER_PATHS = NO;
				CLANG_ANALYZER_NONNULL = YES;
				CLANG_ANALYZER_NUMBER_OBJECT_CONVERSION = YES_AGGRESSIVE;
				CLANG_CXX_LANGUAGE_STANDARD = "gnu++14";
				CLANG_CXX_LIBRARY = "libc++";
				CLANG_ENABLE_MODULES = YES;
				CLANG_ENABLE_OBJC_ARC = YES;
				CLANG_ENABLE_OBJC_WEAK = YES;
				CLANG_WARN_BLOCK_CAPTURE_AUTORELEASING = YES;
				CLANG_WARN_BOOL_CONVERSION = YES;
				CLANG_WARN_COMMA = YES;
				CLANG_WARN_CONSTANT_CONVERSION = YES;
				CLANG_WARN_DEPRECATED_OBJC_IMPLEMENTATIONS = YES;
				CLANG_WARN_DIRECT_OBJC_ISA_USAGE = YES_ERROR;
				CLANG_WARN_DOCUMENTATION_COMMENTS = YES;
				CLANG_WARN_EMPTY_BODY = YES;
				CLANG_WARN_ENUM_CONVERSION = YES;
				CLANG_WARN_INFINITE_RECURSION = YES;
				CLANG_WARN_INT_CONVERSION = YES;
				CLANG_WARN_NON_LITERAL_NULL_CONVERSION = YES;
				CLANG_WARN_OBJC_IMPLICIT_RETAIN_SELF = YES;
				CLANG_WARN_OBJC_LITERAL_CONVERSION = YES;
				CLANG_WARN_OBJC_ROOT_CLASS = YES_ERROR;
				CLANG_WARN_RANGE_LOOP_ANALYSIS = YES;
				CLANG_WARN_STRICT_PROTOTYPES = YES;
				CLANG_WARN_SUSPICIOUS_MOVE = YES;
				CLANG_WARN_UNGUARDED_AVAILABILITY = YES_AGGRESSIVE;
				CLANG_WARN_UNREACHABLE_CODE = YES;
				CLANG_WARN__DUPLICATE_METHOD_MATCH = YES;
				COPY_PHASE_STRIP = NO;
				DEBUG_INFORMATION_FORMAT = dwarf;
				ENABLE_STRICT_OBJC_MSGSEND = YES;
				ENABLE_TESTABILITY = YES;
				GCC_C_LANGUAGE_STANDARD = gnu11;
				GCC_DYNAMIC_NO_PIC = NO;
				GCC_NO_COMMON_BLOCKS = YES;
				GCC_OPTIMIZATION_LEVEL = 0;
				GCC_PREPROCESSOR_DEFINITIONS = (
					"DEBUG=1",
					"$(inherited)",
				);
				GCC_WARN_64_TO_32_BIT_CONVERSION = YES;
				GCC_WARN_ABOUT_RETURN_TYPE = YES_ERROR;
				GCC_WARN_UNDECLARED_SELECTOR = YES;
				GCC_WARN_UNINITIALIZED_AUTOS = YES_AGGRESSIVE;
				GCC_WARN_UNUSED_FUNCTION = YES;
				GCC_WARN_UNUSED_VARIABLE = YES;
				IPHONEOS_DEPLOYMENT_TARGET = 13.7;
				MTL_ENABLE_DEBUG_INFO = INCLUDE_SOURCE;
				MTL_FAST_MATH = YES;
				ONLY_ACTIVE_ARCH = YES;
				SDKROOT = iphoneos;
			};
			name = Debug;
		};
		09DB4C972562175C0037A656 /* Release */ = {
			isa = XCBuildConfiguration;
			buildSettings = {
				ALWAYS_SEARCH_USER_PATHS = NO;
				CLANG_ANALYZER_NONNULL = YES;
				CLANG_ANALYZER_NUMBER_OBJECT_CONVERSION = YES_AGGRESSIVE;
				CLANG_CXX_LANGUAGE_STANDARD = "gnu++14";
				CLANG_CXX_LIBRARY = "libc++";
				CLANG_ENABLE_MODULES = YES;
				CLANG_ENABLE_OBJC_ARC = YES;
				CLANG_ENABLE_OBJC_WEAK = YES;
				CLANG_WARN_BLOCK_CAPTURE_AUTORELEASING = YES;
				CLANG_WARN_BOOL_CONVERSION = YES;
				CLANG_WARN_COMMA = YES;
				CLANG_WARN_CONSTANT_CONVERSION = YES;
				CLANG_WARN_DEPRECATED_OBJC_IMPLEMENTATIONS = YES;
				CLANG_WARN_DIRECT_OBJC_ISA_USAGE = YES_ERROR;
				CLANG_WARN_DOCUMENTATION_COMMENTS = YES;
				CLANG_WARN_EMPTY_BODY = YES;
				CLANG_WARN_ENUM_CONVERSION = YES;
				CLANG_WARN_INFINITE_RECURSION = YES;
				CLANG_WARN_INT_CONVERSION = YES;
				CLANG_WARN_NON_LITERAL_NULL_CONVERSION = YES;
				CLANG_WARN_OBJC_IMPLICIT_RETAIN_SELF = YES;
				CLANG_WARN_OBJC_LITERAL_CONVERSION = YES;
				CLANG_WARN_OBJC_ROOT_CLASS = YES_ERROR;
				CLANG_WARN_RANGE_LOOP_ANALYSIS = YES;
				CLANG_WARN_STRICT_PROTOTYPES = YES;
				CLANG_WARN_SUSPICIOUS_MOVE = YES;
				CLANG_WARN_UNGUARDED_AVAILABILITY = YES_AGGRESSIVE;
				CLANG_WARN_UNREACHABLE_CODE = YES;
				CLANG_WARN__DUPLICATE_METHOD_MATCH = YES;
				COPY_PHASE_STRIP = NO;
				DEBUG_INFORMATION_FORMAT = "dwarf-with-dsym";
				ENABLE_NS_ASSERTIONS = NO;
				ENABLE_STRICT_OBJC_MSGSEND = YES;
				GCC_C_LANGUAGE_STANDARD = gnu11;
				GCC_NO_COMMON_BLOCKS = YES;
				GCC_WARN_64_TO_32_BIT_CONVERSION = YES;
				GCC_WARN_ABOUT_RETURN_TYPE = YES_ERROR;
				GCC_WARN_UNDECLARED_SELECTOR = YES;
				GCC_WARN_UNINITIALIZED_AUTOS = YES_AGGRESSIVE;
				GCC_WARN_UNUSED_FUNCTION = YES;
				GCC_WARN_UNUSED_VARIABLE = YES;
				IPHONEOS_DEPLOYMENT_TARGET = 13.7;
				MTL_ENABLE_DEBUG_INFO = NO;
				MTL_FAST_MATH = YES;
				SDKROOT = iphoneos;
				VALIDATE_PRODUCT = YES;
			};
			name = Release;
		};
		09DB4C992562175C0037A656 /* Debug */ = {
			isa = XCBuildConfiguration;
			baseConfigurationReference = F00C790A0B9F835EB2DB4C5E /* Pods-WeAppExample.debug.xcconfig */;
			buildSettings = {
				ASSETCATALOG_COMPILER_APPICON_NAME = AppIcon;
				CODE_SIGN_STYLE = Automatic;
				DEVELOPMENT_TEAM = 9PJ22KK765;
				INFOPLIST_FILE = WeAppExample/Info.plist;
				IPHONEOS_DEPLOYMENT_TARGET = 10.0;
				LD_RUNPATH_SEARCH_PATHS = (
					"$(inherited)",
					"@executable_path/Frameworks",
				);
				PRODUCT_BUNDLE_IDENTIFIER = com.chigua.WeAppExample;
				PRODUCT_NAME = "$(TARGET_NAME)";
				TARGETED_DEVICE_FAMILY = "1,2";
			};
			name = Debug;
		};
		09DB4C9A2562175C0037A656 /* Release */ = {
			isa = XCBuildConfiguration;
			baseConfigurationReference = 319FEE0E073A30448673DB41 /* Pods-WeAppExample.release.xcconfig */;
			buildSettings = {
				ASSETCATALOG_COMPILER_APPICON_NAME = AppIcon;
				CODE_SIGN_STYLE = Automatic;
				DEVELOPMENT_TEAM = 9PJ22KK765;
				INFOPLIST_FILE = WeAppExample/Info.plist;
				IPHONEOS_DEPLOYMENT_TARGET = 10.0;
				LD_RUNPATH_SEARCH_PATHS = (
					"$(inherited)",
					"@executable_path/Frameworks",
				);
				PRODUCT_BUNDLE_IDENTIFIER = com.chigua.WeAppExample;
				PRODUCT_NAME = "$(TARGET_NAME)";
				TARGETED_DEVICE_FAMILY = "1,2";
			};
			name = Release;
		};
/* End XCBuildConfiguration section */

/* Begin XCConfigurationList section */
		09DB4C7A2562175B0037A656 /* Build configuration list for PBXProject "WeAppExample" */ = {
			isa = XCConfigurationList;
			buildConfigurations = (
				09DB4C962562175C0037A656 /* Debug */,
				09DB4C972562175C0037A656 /* Release */,
			);
			defaultConfigurationIsVisible = 0;
			defaultConfigurationName = Release;
		};
		09DB4C982562175C0037A656 /* Build configuration list for PBXNativeTarget "WeAppExample" */ = {
			isa = XCConfigurationList;
			buildConfigurations = (
				09DB4C992562175C0037A656 /* Debug */,
				09DB4C9A2562175C0037A656 /* Release */,
			);
			defaultConfigurationIsVisible = 0;
			defaultConfigurationName = Release;
		};
/* End XCConfigurationList section */
	};
	rootObject = 09DB4C772562175B0037A656 /* Project object */;
}
